// !$*UTF8*$!
{
	archiveVersion = 1;
	classes = {
	};
	objectVersion = 56;
	objects = {

/* Begin PBXBuildFile section */
		C51863152A9D954F00141FCB /* AppDelegate.swift in Sources */ = {isa = PBXBuildFile; fileRef = C51863142A9D954F00141FCB /* AppDelegate.swift */; };
		C51863172A9D954F00141FCB /* SceneDelegate.swift in Sources */ = {isa = PBXBuildFile; fileRef = C51863162A9D954F00141FCB /* SceneDelegate.swift */; };
		C518631E2A9D955000141FCB /* Assets.xcassets in Resources */ = {isa = PBXBuildFile; fileRef = C518631D2A9D955000141FCB /* Assets.xcassets */; };
		C51863212A9D955000141FCB /* LaunchScreen.storyboard in Resources */ = {isa = PBXBuildFile; fileRef = C518631F2A9D955000141FCB /* LaunchScreen.storyboard */; };
		C518632C2A9D960B00141FCB /* API.plist in Resources */ = {isa = PBXBuildFile; fileRef = C518632B2A9D960B00141FCB /* API.plist */; };
		C51863482A9DF0BE00141FCB /* MoviePracticeTests.swift in Sources */ = {isa = PBXBuildFile; fileRef = C51863472A9DF0BE00141FCB /* MoviePracticeTests.swift */; };
		C5308D0C2AF0F21D00856854 /* Coordinator.swift in Sources */ = {isa = PBXBuildFile; fileRef = C5308D0B2AF0F21D00856854 /* Coordinator.swift */; };
		C5308D0E2AF101B200856854 /* TabBarPage.swift in Sources */ = {isa = PBXBuildFile; fileRef = C5308D0D2AF101B200856854 /* TabBarPage.swift */; };
		C5308D322AF22D9E00856854 /* TabBarController.swift in Sources */ = {isa = PBXBuildFile; fileRef = C5308D312AF22D9E00856854 /* TabBarController.swift */; };
		C5308D342AF22F3B00856854 /* MoviePopularFlowCoordinator.swift in Sources */ = {isa = PBXBuildFile; fileRef = C5308D332AF22F3B00856854 /* MoviePopularFlowCoordinator.swift */; };
		C5308D362AF22F4400856854 /* LoginFlowCoordinator.swift in Sources */ = {isa = PBXBuildFile; fileRef = C5308D352AF22F4400856854 /* LoginFlowCoordinator.swift */; };
		C5308D382AF22F5500856854 /* MyPageFlowCoordinator.swift in Sources */ = {isa = PBXBuildFile; fileRef = C5308D372AF22F5500856854 /* MyPageFlowCoordinator.swift */; };
		C5308D4C2AF2358E00856854 /* MoviePopularDIContainer.swift in Sources */ = {isa = PBXBuildFile; fileRef = C5308D4B2AF2358E00856854 /* MoviePopularDIContainer.swift */; };
		C533C9862AF8D15B00F7A4C4 /* LoginViewModel.swift in Sources */ = {isa = PBXBuildFile; fileRef = C533C9852AF8D15B00F7A4C4 /* LoginViewModel.swift */; };
		C533C9882AF8D16300F7A4C4 /* LoginViewController.swift in Sources */ = {isa = PBXBuildFile; fileRef = C533C9872AF8D16300F7A4C4 /* LoginViewController.swift */; };
		C533C98A2AF8DACC00F7A4C4 /* LoginSceneDIContainer.swift in Sources */ = {isa = PBXBuildFile; fileRef = C533C9892AF8DACC00F7A4C4 /* LoginSceneDIContainer.swift */; };
		C5681DA02A9F6E8D00BA4FDC /* Movie.swift in Sources */ = {isa = PBXBuildFile; fileRef = C5681D9F2A9F6E8D00BA4FDC /* Movie.swift */; };
		C5681DA22A9F6E9800BA4FDC /* MovieDetail.swift in Sources */ = {isa = PBXBuildFile; fileRef = C5681DA12A9F6E9800BA4FDC /* MovieDetail.swift */; };
		C5681DA42A9F717800BA4FDC /* LoadPopularMoviesUseCase.swift in Sources */ = {isa = PBXBuildFile; fileRef = C5681DA32A9F717800BA4FDC /* LoadPopularMoviesUseCase.swift */; };
		C5681DA72A9F72C900BA4FDC /* UseCase.swift in Sources */ = {isa = PBXBuildFile; fileRef = C5681DA62A9F72C900BA4FDC /* UseCase.swift */; };
		C5681DAA2A9F731C00BA4FDC /* Cancellable.swift in Sources */ = {isa = PBXBuildFile; fileRef = C5681DA92A9F731C00BA4FDC /* Cancellable.swift */; };
		C5681DAC2A9F754800BA4FDC /* PopularMoviesRepository.swift in Sources */ = {isa = PBXBuildFile; fileRef = C5681DAB2A9F754800BA4FDC /* PopularMoviesRepository.swift */; };
		C5681DAE2A9F767200BA4FDC /* MovieDetailRepository.swift in Sources */ = {isa = PBXBuildFile; fileRef = C5681DAD2A9F767200BA4FDC /* MovieDetailRepository.swift */; };
		C5681DB02A9F775300BA4FDC /* LoadMovieDetailUseCase.swift in Sources */ = {isa = PBXBuildFile; fileRef = C5681DAF2A9F775300BA4FDC /* LoadMovieDetailUseCase.swift */; };
		C5681DB42AA0761100BA4FDC /* PosterImagesRepository.swift in Sources */ = {isa = PBXBuildFile; fileRef = C5681DB32AA0761100BA4FDC /* PosterImagesRepository.swift */; };
		C5681DB92AA0972600BA4FDC /* Observable.swift in Sources */ = {isa = PBXBuildFile; fileRef = C5681DB82AA0972600BA4FDC /* Observable.swift */; };
		C5681DBC2AA1927000BA4FDC /* Disposable.swift in Sources */ = {isa = PBXBuildFile; fileRef = C5681DBB2AA1927000BA4FDC /* Disposable.swift */; };
		C5681DC02AA1A77C00BA4FDC /* DataTransferService.swift in Sources */ = {isa = PBXBuildFile; fileRef = C5681DBF2AA1A77C00BA4FDC /* DataTransferService.swift */; };
		C5681DC22AA1A79E00BA4FDC /* Endpoint.swift in Sources */ = {isa = PBXBuildFile; fileRef = C5681DC12AA1A79E00BA4FDC /* Endpoint.swift */; };
		C5681DC42AA1A7AF00BA4FDC /* NetworkConfigurable.swift in Sources */ = {isa = PBXBuildFile; fileRef = C5681DC32AA1A7AF00BA4FDC /* NetworkConfigurable.swift */; };
		C5681DC62AA1A7B900BA4FDC /* NetworkService.swift in Sources */ = {isa = PBXBuildFile; fileRef = C5681DC52AA1A7B900BA4FDC /* NetworkService.swift */; };
		C58D31C22AE6413400380F57 /* ConnectionError.swift in Sources */ = {isa = PBXBuildFile; fileRef = C58D31C12AE6413400380F57 /* ConnectionError.swift */; };
		C58D31C42AE6413F00380F57 /* DispatchQueueType.swift in Sources */ = {isa = PBXBuildFile; fileRef = C58D31C32AE6413F00380F57 /* DispatchQueueType.swift */; };
		C58D31C62AE6426500380F57 /* AppConfigurations.swift in Sources */ = {isa = PBXBuildFile; fileRef = C58D31C52AE6426500380F57 /* AppConfigurations.swift */; };
		C58D31C82AE6426E00380F57 /* AppFlowCoordinator.swift in Sources */ = {isa = PBXBuildFile; fileRef = C58D31C72AE6426E00380F57 /* AppFlowCoordinator.swift */; };
		C58D31CB2AE6428200380F57 /* AppDIContainer.swift in Sources */ = {isa = PBXBuildFile; fileRef = C58D31CA2AE6428200380F57 /* AppDIContainer.swift */; };
		C58D31CD2AE6428C00380F57 /* MoviesSceneDIContainer.swift in Sources */ = {isa = PBXBuildFile; fileRef = C58D31CC2AE6428C00380F57 /* MoviesSceneDIContainer.swift */; };
		C58D31D32AE64E1100380F57 /* DefaultMoviesRepository.swift in Sources */ = {isa = PBXBuildFile; fileRef = C58D31D22AE64E1100380F57 /* DefaultMoviesRepository.swift */; };
		C58D31D52AE64E2D00380F57 /* DefaultMoviesQueriesRepository.swift in Sources */ = {isa = PBXBuildFile; fileRef = C58D31D42AE64E2D00380F57 /* DefaultMoviesQueriesRepository.swift */; };
		C58D31D72AE64E3900380F57 /* DefaultPosterImagesRepository.swift in Sources */ = {isa = PBXBuildFile; fileRef = C58D31D62AE64E3900380F57 /* DefaultPosterImagesRepository.swift */; };
		C58D31DA2AE64E5100380F57 /* RepositoryTask.swift in Sources */ = {isa = PBXBuildFile; fileRef = C58D31D92AE64E5100380F57 /* RepositoryTask.swift */; };
		C58D31DC2AE64E5D00380F57 /* APIEndpoints.swift in Sources */ = {isa = PBXBuildFile; fileRef = C58D31DB2AE64E5D00380F57 /* APIEndpoints.swift */; };
		C58D31DF2AE64E7A00380F57 /* MoviesRequestDTO+Mapping.swift in Sources */ = {isa = PBXBuildFile; fileRef = C58D31DE2AE64E7A00380F57 /* MoviesRequestDTO+Mapping.swift */; };
		C58D31E12AE64E8A00380F57 /* MoviesResponseDTO+Mapping.swift in Sources */ = {isa = PBXBuildFile; fileRef = C58D31E02AE64E8A00380F57 /* MoviesResponseDTO+Mapping.swift */; };
		C58D31E72AE64EDD00380F57 /* CoreDataStorage.xcdatamodeld in Sources */ = {isa = PBXBuildFile; fileRef = C58D31E52AE64EDD00380F57 /* CoreDataStorage.xcdatamodeld */; };
		C58D31E92AE64EEA00380F57 /* CoreDataStorage.swift in Sources */ = {isa = PBXBuildFile; fileRef = C58D31E82AE64EE900380F57 /* CoreDataStorage.swift */; };
		C58D31EF2AE64F5000380F57 /* CoreDataMoviesQueriesStorage.swift in Sources */ = {isa = PBXBuildFile; fileRef = C58D31EE2AE64F5000380F57 /* CoreDataMoviesQueriesStorage.swift */; };
		C58D31F12AE64F6600380F57 /* MovieQueryEntity+Mapping.swift in Sources */ = {isa = PBXBuildFile; fileRef = C58D31F02AE64F6600380F57 /* MovieQueryEntity+Mapping.swift */; };
		C58D31F32AE64F7C00380F57 /* UserDefaultsMoviesQueriesStorage.swift in Sources */ = {isa = PBXBuildFile; fileRef = C58D31F22AE64F7C00380F57 /* UserDefaultsMoviesQueriesStorage.swift */; };
		C58D31F52AE64F9A00380F57 /* MovieQueryUDS+Mapping.swift in Sources */ = {isa = PBXBuildFile; fileRef = C58D31F42AE64F9A00380F57 /* MovieQueryUDS+Mapping.swift */; };
		C58D31F72AE64FB000380F57 /* MoviesQueriesStorage.swift in Sources */ = {isa = PBXBuildFile; fileRef = C58D31F62AE64FB000380F57 /* MoviesQueriesStorage.swift */; };
		C58D31FA2AE64FD400380F57 /* MoviesResponseEntity+Mapping.swift in Sources */ = {isa = PBXBuildFile; fileRef = C58D31F92AE64FD400380F57 /* MoviesResponseEntity+Mapping.swift */; };
		C58D31FC2AE64FE900380F57 /* MoviesResponseStorage.swift in Sources */ = {isa = PBXBuildFile; fileRef = C58D31FB2AE64FE900380F57 /* MoviesResponseStorage.swift */; };
		C58D31FE2AE64FFB00380F57 /* CoreDataMoviesResponseStorage.swift in Sources */ = {isa = PBXBuildFile; fileRef = C58D31FD2AE64FFB00380F57 /* CoreDataMoviesResponseStorage.swift */; };
		C58D32002AE6536900380F57 /* MoviesSearchFlowCoordinator.swift in Sources */ = {isa = PBXBuildFile; fileRef = C58D31FF2AE6536900380F57 /* MoviesSearchFlowCoordinator.swift */; };
		C58D32022AE6646B00380F57 /* MovieQuery.swift in Sources */ = {isa = PBXBuildFile; fileRef = C58D32012AE6646B00380F57 /* MovieQuery.swift */; };
		C58D32042AE6678700380F57 /* SearchMoviesUseCase.swift in Sources */ = {isa = PBXBuildFile; fileRef = C58D32032AE6678700380F57 /* SearchMoviesUseCase.swift */; };
		C58D32062AE6679C00380F57 /* FetchRecentMovieQueriesUseCase.swift in Sources */ = {isa = PBXBuildFile; fileRef = C58D32052AE6679C00380F57 /* FetchRecentMovieQueriesUseCase.swift */; };
		C58D32082AE667BB00380F57 /* MoviesRespository.swift in Sources */ = {isa = PBXBuildFile; fileRef = C58D32072AE667BB00380F57 /* MoviesRespository.swift */; };
		C58D320A2AE667CC00380F57 /* MoviesQueriesRepository.swift in Sources */ = {isa = PBXBuildFile; fileRef = C58D32092AE667CC00380F57 /* MoviesQueriesRepository.swift */; };
		C58D320E2AE8B20A00380F57 /* Alertable.swift in Sources */ = {isa = PBXBuildFile; fileRef = C58D320D2AE8B20A00380F57 /* Alertable.swift */; };
		C58D32122AE8B5B200380F57 /* DataTransferError+ConnectionError.swift in Sources */ = {isa = PBXBuildFile; fileRef = C58D32112AE8B5B200380F57 /* DataTransferError+ConnectionError.swift */; };
		C58D32142AE8B5BD00380F57 /* CGSize_ScaledSize.swift in Sources */ = {isa = PBXBuildFile; fileRef = C58D32132AE8B5BD00380F57 /* CGSize_ScaledSize.swift */; };
		C58D32162AE8B5CE00380F57 /* UIImageView+ImageSizeAfterAspectFit.swift in Sources */ = {isa = PBXBuildFile; fileRef = C58D32152AE8B5CE00380F57 /* UIImageView+ImageSizeAfterAspectFit.swift */; };
		C58D32182AE8B5E000380F57 /* UIViewController+ActivityIndicator.swift in Sources */ = {isa = PBXBuildFile; fileRef = C58D32172AE8B5E000380F57 /* UIViewController+ActivityIndicator.swift */; };
		C58D321A2AE8B5EB00380F57 /* UIViewController+AddChild.swift in Sources */ = {isa = PBXBuildFile; fileRef = C58D32192AE8B5EB00380F57 /* UIViewController+AddChild.swift */; };
		C58D321C2AE8B5F800380F57 /* UIViewController+AddBehaviors.swift in Sources */ = {isa = PBXBuildFile; fileRef = C58D321B2AE8B5F800380F57 /* UIViewController+AddBehaviors.swift */; };
		C58D321E2AE8F07E00380F57 /* MoviesListViewModel.swift in Sources */ = {isa = PBXBuildFile; fileRef = C58D321D2AE8F07E00380F57 /* MoviesListViewModel.swift */; };
		C58D32202AE8F20000380F57 /* MovieListItemViewModel.swift in Sources */ = {isa = PBXBuildFile; fileRef = C58D321F2AE8F20000380F57 /* MovieListItemViewModel.swift */; };
		C58D32222AE8F3D600380F57 /* MoviesListViewController.swift in Sources */ = {isa = PBXBuildFile; fileRef = C58D32212AE8F3D600380F57 /* MoviesListViewController.swift */; };
		C58D32242AE8F4FB00380F57 /* MovieListTableViewController.swift in Sources */ = {isa = PBXBuildFile; fileRef = C58D32232AE8F4FB00380F57 /* MovieListTableViewController.swift */; };
		C58D32272AE8F60B00380F57 /* MoviesListItemCell.swift in Sources */ = {isa = PBXBuildFile; fileRef = C58D32262AE8F60B00380F57 /* MoviesListItemCell.swift */; };
		C58D32292AE90FFD00380F57 /* AccessibilityIdentifier.swift in Sources */ = {isa = PBXBuildFile; fileRef = C58D32282AE90FFD00380F57 /* AccessibilityIdentifier.swift */; };
		C58D322B2AE9100600380F57 /* LoadingView.swift in Sources */ = {isa = PBXBuildFile; fileRef = C58D322A2AE9100600380F57 /* LoadingView.swift */; };
		C58D322D2AE9E2C000380F57 /* BackButtonEmptyTitleNavigationBarBehavior.swift in Sources */ = {isa = PBXBuildFile; fileRef = C58D322C2AE9E2C000380F57 /* BackButtonEmptyTitleNavigationBarBehavior.swift */; };
		C58D32302AEA0BA600380F57 /* Localizable.strings in Resources */ = {isa = PBXBuildFile; fileRef = C58D32322AEA0BA600380F57 /* Localizable.strings */; };
		C58D32362AEA2D1F00380F57 /* BlackStyleNavigationBarBehavior.swift in Sources */ = {isa = PBXBuildFile; fileRef = C58D32352AEA2D1F00380F57 /* BlackStyleNavigationBarBehavior.swift */; };
		C58D323A2AEA3F7300380F57 /* MoviesQueryListItemViewModel.swift in Sources */ = {isa = PBXBuildFile; fileRef = C58D32392AEA3F7300380F57 /* MoviesQueryListItemViewModel.swift */; };
		C58D323C2AEA3F7D00380F57 /* MoviesQueryListViewModel.swift in Sources */ = {isa = PBXBuildFile; fileRef = C58D323B2AEA3F7D00380F57 /* MoviesQueryListViewModel.swift */; };
		C58D323E2AEA3F9000380F57 /* MoviesQueriesTableViewController.swift in Sources */ = {isa = PBXBuildFile; fileRef = C58D323D2AEA3F9000380F57 /* MoviesQueriesTableViewController.swift */; };
		C58D32412AEA3FD200380F57 /* MoviesQueriesItemCell.swift in Sources */ = {isa = PBXBuildFile; fileRef = C58D32402AEA3FD200380F57 /* MoviesQueriesItemCell.swift */; };
		C58D32462AEA631100380F57 /* MoviewDetailsViewModel.swift in Sources */ = {isa = PBXBuildFile; fileRef = C58D32452AEA631100380F57 /* MoviewDetailsViewModel.swift */; };
		C58D32482AEA631E00380F57 /* MovieDetailsViewController.swift in Sources */ = {isa = PBXBuildFile; fileRef = C58D32472AEA631E00380F57 /* MovieDetailsViewController.swift */; };
		C58D324A2AEB4AA600380F57 /* UIImage+imageColor.swift in Sources */ = {isa = PBXBuildFile; fileRef = C58D32492AEB4AA600380F57 /* UIImage+imageColor.swift */; };
		C58D324C2AEB584100380F57 /* TabBarFlowCoordinator.swift in Sources */ = {isa = PBXBuildFile; fileRef = C58D324B2AEB584100380F57 /* TabBarFlowCoordinator.swift */; };
/* End PBXBuildFile section */

/* Begin PBXContainerItemProxy section */
		C51863492A9DF0BE00141FCB /* PBXContainerItemProxy */ = {
			isa = PBXContainerItemProxy;
			containerPortal = C51863092A9D954F00141FCB /* Project object */;
			proxyType = 1;
			remoteGlobalIDString = C51863102A9D954F00141FCB;
			remoteInfo = MoviePractice;
		};
/* End PBXContainerItemProxy section */

/* Begin PBXFileReference section */
		C51863112A9D954F00141FCB /* MoviePractice.app */ = {isa = PBXFileReference; explicitFileType = wrapper.application; includeInIndex = 0; path = MoviePractice.app; sourceTree = BUILT_PRODUCTS_DIR; };
		C51863142A9D954F00141FCB /* AppDelegate.swift */ = {isa = PBXFileReference; lastKnownFileType = sourcecode.swift; path = AppDelegate.swift; sourceTree = "<group>"; };
		C51863162A9D954F00141FCB /* SceneDelegate.swift */ = {isa = PBXFileReference; lastKnownFileType = sourcecode.swift; path = SceneDelegate.swift; sourceTree = "<group>"; };
		C518631D2A9D955000141FCB /* Assets.xcassets */ = {isa = PBXFileReference; lastKnownFileType = folder.assetcatalog; path = Assets.xcassets; sourceTree = "<group>"; };
		C51863202A9D955000141FCB /* Base */ = {isa = PBXFileReference; lastKnownFileType = file.storyboard; name = Base; path = Base.lproj/LaunchScreen.storyboard; sourceTree = "<group>"; };
		C51863222A9D955000141FCB /* Info.plist */ = {isa = PBXFileReference; lastKnownFileType = text.plist.xml; path = Info.plist; sourceTree = "<group>"; };
		C518632B2A9D960B00141FCB /* API.plist */ = {isa = PBXFileReference; lastKnownFileType = text.plist.xml; path = API.plist; sourceTree = "<group>"; };
		C51863452A9DF0BE00141FCB /* MoviePracticeTests.xctest */ = {isa = PBXFileReference; explicitFileType = wrapper.cfbundle; includeInIndex = 0; path = MoviePracticeTests.xctest; sourceTree = BUILT_PRODUCTS_DIR; };
		C51863472A9DF0BE00141FCB /* MoviePracticeTests.swift */ = {isa = PBXFileReference; lastKnownFileType = sourcecode.swift; path = MoviePracticeTests.swift; sourceTree = "<group>"; };
		C5308D0B2AF0F21D00856854 /* Coordinator.swift */ = {isa = PBXFileReference; lastKnownFileType = sourcecode.swift; path = Coordinator.swift; sourceTree = "<group>"; };
		C5308D0D2AF101B200856854 /* TabBarPage.swift */ = {isa = PBXFileReference; lastKnownFileType = sourcecode.swift; path = TabBarPage.swift; sourceTree = "<group>"; };
		C5308D312AF22D9E00856854 /* TabBarController.swift */ = {isa = PBXFileReference; lastKnownFileType = sourcecode.swift; path = TabBarController.swift; sourceTree = "<group>"; };
		C5308D332AF22F3B00856854 /* MoviePopularFlowCoordinator.swift */ = {isa = PBXFileReference; lastKnownFileType = sourcecode.swift; path = MoviePopularFlowCoordinator.swift; sourceTree = "<group>"; };
		C5308D352AF22F4400856854 /* LoginFlowCoordinator.swift */ = {isa = PBXFileReference; lastKnownFileType = sourcecode.swift; path = LoginFlowCoordinator.swift; sourceTree = "<group>"; };
		C5308D372AF22F5500856854 /* MyPageFlowCoordinator.swift */ = {isa = PBXFileReference; lastKnownFileType = sourcecode.swift; path = MyPageFlowCoordinator.swift; sourceTree = "<group>"; };
		C5308D4B2AF2358E00856854 /* MoviePopularDIContainer.swift */ = {isa = PBXFileReference; lastKnownFileType = sourcecode.swift; path = MoviePopularDIContainer.swift; sourceTree = "<group>"; };
		C533C9852AF8D15B00F7A4C4 /* LoginViewModel.swift */ = {isa = PBXFileReference; lastKnownFileType = sourcecode.swift; path = LoginViewModel.swift; sourceTree = "<group>"; };
		C533C9872AF8D16300F7A4C4 /* LoginViewController.swift */ = {isa = PBXFileReference; lastKnownFileType = sourcecode.swift; path = LoginViewController.swift; sourceTree = "<group>"; };
		C533C9892AF8DACC00F7A4C4 /* LoginSceneDIContainer.swift */ = {isa = PBXFileReference; lastKnownFileType = sourcecode.swift; path = LoginSceneDIContainer.swift; sourceTree = "<group>"; };
		C5681D9F2A9F6E8D00BA4FDC /* Movie.swift */ = {isa = PBXFileReference; lastKnownFileType = sourcecode.swift; path = Movie.swift; sourceTree = "<group>"; };
		C5681DA12A9F6E9800BA4FDC /* MovieDetail.swift */ = {isa = PBXFileReference; lastKnownFileType = sourcecode.swift; path = MovieDetail.swift; sourceTree = "<group>"; };
		C5681DA32A9F717800BA4FDC /* LoadPopularMoviesUseCase.swift */ = {isa = PBXFileReference; lastKnownFileType = sourcecode.swift; path = LoadPopularMoviesUseCase.swift; sourceTree = "<group>"; };
		C5681DA62A9F72C900BA4FDC /* UseCase.swift */ = {isa = PBXFileReference; lastKnownFileType = sourcecode.swift; path = UseCase.swift; sourceTree = "<group>"; };
		C5681DA92A9F731C00BA4FDC /* Cancellable.swift */ = {isa = PBXFileReference; lastKnownFileType = sourcecode.swift; path = Cancellable.swift; sourceTree = "<group>"; };
		C5681DAB2A9F754800BA4FDC /* PopularMoviesRepository.swift */ = {isa = PBXFileReference; lastKnownFileType = sourcecode.swift; path = PopularMoviesRepository.swift; sourceTree = "<group>"; };
		C5681DAD2A9F767200BA4FDC /* MovieDetailRepository.swift */ = {isa = PBXFileReference; lastKnownFileType = sourcecode.swift; path = MovieDetailRepository.swift; sourceTree = "<group>"; };
		C5681DAF2A9F775300BA4FDC /* LoadMovieDetailUseCase.swift */ = {isa = PBXFileReference; lastKnownFileType = sourcecode.swift; path = LoadMovieDetailUseCase.swift; sourceTree = "<group>"; };
		C5681DB32AA0761100BA4FDC /* PosterImagesRepository.swift */ = {isa = PBXFileReference; lastKnownFileType = sourcecode.swift; path = PosterImagesRepository.swift; sourceTree = "<group>"; };
		C5681DB82AA0972600BA4FDC /* Observable.swift */ = {isa = PBXFileReference; lastKnownFileType = sourcecode.swift; path = Observable.swift; sourceTree = "<group>"; };
		C5681DBB2AA1927000BA4FDC /* Disposable.swift */ = {isa = PBXFileReference; lastKnownFileType = sourcecode.swift; path = Disposable.swift; sourceTree = "<group>"; };
		C5681DBF2AA1A77C00BA4FDC /* DataTransferService.swift */ = {isa = PBXFileReference; lastKnownFileType = sourcecode.swift; path = DataTransferService.swift; sourceTree = "<group>"; };
		C5681DC12AA1A79E00BA4FDC /* Endpoint.swift */ = {isa = PBXFileReference; lastKnownFileType = sourcecode.swift; path = Endpoint.swift; sourceTree = "<group>"; };
		C5681DC32AA1A7AF00BA4FDC /* NetworkConfigurable.swift */ = {isa = PBXFileReference; lastKnownFileType = sourcecode.swift; path = NetworkConfigurable.swift; sourceTree = "<group>"; };
		C5681DC52AA1A7B900BA4FDC /* NetworkService.swift */ = {isa = PBXFileReference; lastKnownFileType = sourcecode.swift; path = NetworkService.swift; sourceTree = "<group>"; };
		C58D31C12AE6413400380F57 /* ConnectionError.swift */ = {isa = PBXFileReference; lastKnownFileType = sourcecode.swift; path = ConnectionError.swift; sourceTree = "<group>"; };
		C58D31C32AE6413F00380F57 /* DispatchQueueType.swift */ = {isa = PBXFileReference; lastKnownFileType = sourcecode.swift; path = DispatchQueueType.swift; sourceTree = "<group>"; };
		C58D31C52AE6426500380F57 /* AppConfigurations.swift */ = {isa = PBXFileReference; lastKnownFileType = sourcecode.swift; path = AppConfigurations.swift; sourceTree = "<group>"; };
		C58D31C72AE6426E00380F57 /* AppFlowCoordinator.swift */ = {isa = PBXFileReference; lastKnownFileType = sourcecode.swift; path = AppFlowCoordinator.swift; sourceTree = "<group>"; };
		C58D31CA2AE6428200380F57 /* AppDIContainer.swift */ = {isa = PBXFileReference; lastKnownFileType = sourcecode.swift; path = AppDIContainer.swift; sourceTree = "<group>"; };
		C58D31CC2AE6428C00380F57 /* MoviesSceneDIContainer.swift */ = {isa = PBXFileReference; lastKnownFileType = sourcecode.swift; path = MoviesSceneDIContainer.swift; sourceTree = "<group>"; };
		C58D31D22AE64E1100380F57 /* DefaultMoviesRepository.swift */ = {isa = PBXFileReference; lastKnownFileType = sourcecode.swift; path = DefaultMoviesRepository.swift; sourceTree = "<group>"; };
		C58D31D42AE64E2D00380F57 /* DefaultMoviesQueriesRepository.swift */ = {isa = PBXFileReference; lastKnownFileType = sourcecode.swift; path = DefaultMoviesQueriesRepository.swift; sourceTree = "<group>"; };
		C58D31D62AE64E3900380F57 /* DefaultPosterImagesRepository.swift */ = {isa = PBXFileReference; lastKnownFileType = sourcecode.swift; path = DefaultPosterImagesRepository.swift; sourceTree = "<group>"; };
		C58D31D92AE64E5100380F57 /* RepositoryTask.swift */ = {isa = PBXFileReference; lastKnownFileType = sourcecode.swift; path = RepositoryTask.swift; sourceTree = "<group>"; };
		C58D31DB2AE64E5D00380F57 /* APIEndpoints.swift */ = {isa = PBXFileReference; lastKnownFileType = sourcecode.swift; path = APIEndpoints.swift; sourceTree = "<group>"; };
		C58D31DE2AE64E7A00380F57 /* MoviesRequestDTO+Mapping.swift */ = {isa = PBXFileReference; lastKnownFileType = sourcecode.swift; path = "MoviesRequestDTO+Mapping.swift"; sourceTree = "<group>"; };
		C58D31E02AE64E8A00380F57 /* MoviesResponseDTO+Mapping.swift */ = {isa = PBXFileReference; lastKnownFileType = sourcecode.swift; path = "MoviesResponseDTO+Mapping.swift"; sourceTree = "<group>"; };
		C58D31E62AE64EDD00380F57 /* CoreDataStorage.xcdatamodel */ = {isa = PBXFileReference; lastKnownFileType = wrapper.xcdatamodel; path = CoreDataStorage.xcdatamodel; sourceTree = "<group>"; };
		C58D31E82AE64EE900380F57 /* CoreDataStorage.swift */ = {isa = PBXFileReference; lastKnownFileType = sourcecode.swift; path = CoreDataStorage.swift; sourceTree = "<group>"; };
		C58D31EE2AE64F5000380F57 /* CoreDataMoviesQueriesStorage.swift */ = {isa = PBXFileReference; lastKnownFileType = sourcecode.swift; path = CoreDataMoviesQueriesStorage.swift; sourceTree = "<group>"; };
		C58D31F02AE64F6600380F57 /* MovieQueryEntity+Mapping.swift */ = {isa = PBXFileReference; lastKnownFileType = sourcecode.swift; path = "MovieQueryEntity+Mapping.swift"; sourceTree = "<group>"; };
		C58D31F22AE64F7C00380F57 /* UserDefaultsMoviesQueriesStorage.swift */ = {isa = PBXFileReference; lastKnownFileType = sourcecode.swift; path = UserDefaultsMoviesQueriesStorage.swift; sourceTree = "<group>"; };
		C58D31F42AE64F9A00380F57 /* MovieQueryUDS+Mapping.swift */ = {isa = PBXFileReference; lastKnownFileType = sourcecode.swift; path = "MovieQueryUDS+Mapping.swift"; sourceTree = "<group>"; };
		C58D31F62AE64FB000380F57 /* MoviesQueriesStorage.swift */ = {isa = PBXFileReference; lastKnownFileType = sourcecode.swift; path = MoviesQueriesStorage.swift; sourceTree = "<group>"; };
		C58D31F92AE64FD400380F57 /* MoviesResponseEntity+Mapping.swift */ = {isa = PBXFileReference; lastKnownFileType = sourcecode.swift; path = "MoviesResponseEntity+Mapping.swift"; sourceTree = "<group>"; };
		C58D31FB2AE64FE900380F57 /* MoviesResponseStorage.swift */ = {isa = PBXFileReference; lastKnownFileType = sourcecode.swift; path = MoviesResponseStorage.swift; sourceTree = "<group>"; };
		C58D31FD2AE64FFB00380F57 /* CoreDataMoviesResponseStorage.swift */ = {isa = PBXFileReference; lastKnownFileType = sourcecode.swift; path = CoreDataMoviesResponseStorage.swift; sourceTree = "<group>"; };
		C58D31FF2AE6536900380F57 /* MoviesSearchFlowCoordinator.swift */ = {isa = PBXFileReference; lastKnownFileType = sourcecode.swift; path = MoviesSearchFlowCoordinator.swift; sourceTree = "<group>"; };
		C58D32012AE6646B00380F57 /* MovieQuery.swift */ = {isa = PBXFileReference; lastKnownFileType = sourcecode.swift; path = MovieQuery.swift; sourceTree = "<group>"; };
		C58D32032AE6678700380F57 /* SearchMoviesUseCase.swift */ = {isa = PBXFileReference; lastKnownFileType = sourcecode.swift; path = SearchMoviesUseCase.swift; sourceTree = "<group>"; };
		C58D32052AE6679C00380F57 /* FetchRecentMovieQueriesUseCase.swift */ = {isa = PBXFileReference; lastKnownFileType = sourcecode.swift; path = FetchRecentMovieQueriesUseCase.swift; sourceTree = "<group>"; };
		C58D32072AE667BB00380F57 /* MoviesRespository.swift */ = {isa = PBXFileReference; lastKnownFileType = sourcecode.swift; path = MoviesRespository.swift; sourceTree = "<group>"; };
		C58D32092AE667CC00380F57 /* MoviesQueriesRepository.swift */ = {isa = PBXFileReference; lastKnownFileType = sourcecode.swift; path = MoviesQueriesRepository.swift; sourceTree = "<group>"; };
		C58D320D2AE8B20A00380F57 /* Alertable.swift */ = {isa = PBXFileReference; lastKnownFileType = sourcecode.swift; path = Alertable.swift; sourceTree = "<group>"; };
		C58D32112AE8B5B200380F57 /* DataTransferError+ConnectionError.swift */ = {isa = PBXFileReference; lastKnownFileType = sourcecode.swift; path = "DataTransferError+ConnectionError.swift"; sourceTree = "<group>"; };
		C58D32132AE8B5BD00380F57 /* CGSize_ScaledSize.swift */ = {isa = PBXFileReference; lastKnownFileType = sourcecode.swift; path = CGSize_ScaledSize.swift; sourceTree = "<group>"; };
		C58D32152AE8B5CE00380F57 /* UIImageView+ImageSizeAfterAspectFit.swift */ = {isa = PBXFileReference; lastKnownFileType = sourcecode.swift; path = "UIImageView+ImageSizeAfterAspectFit.swift"; sourceTree = "<group>"; };
		C58D32172AE8B5E000380F57 /* UIViewController+ActivityIndicator.swift */ = {isa = PBXFileReference; lastKnownFileType = sourcecode.swift; path = "UIViewController+ActivityIndicator.swift"; sourceTree = "<group>"; };
		C58D32192AE8B5EB00380F57 /* UIViewController+AddChild.swift */ = {isa = PBXFileReference; lastKnownFileType = sourcecode.swift; path = "UIViewController+AddChild.swift"; sourceTree = "<group>"; };
		C58D321B2AE8B5F800380F57 /* UIViewController+AddBehaviors.swift */ = {isa = PBXFileReference; lastKnownFileType = sourcecode.swift; path = "UIViewController+AddBehaviors.swift"; sourceTree = "<group>"; };
		C58D321D2AE8F07E00380F57 /* MoviesListViewModel.swift */ = {isa = PBXFileReference; lastKnownFileType = sourcecode.swift; path = MoviesListViewModel.swift; sourceTree = "<group>"; };
		C58D321F2AE8F20000380F57 /* MovieListItemViewModel.swift */ = {isa = PBXFileReference; lastKnownFileType = sourcecode.swift; path = MovieListItemViewModel.swift; sourceTree = "<group>"; };
		C58D32212AE8F3D600380F57 /* MoviesListViewController.swift */ = {isa = PBXFileReference; lastKnownFileType = sourcecode.swift; path = MoviesListViewController.swift; sourceTree = "<group>"; };
		C58D32232AE8F4FB00380F57 /* MovieListTableViewController.swift */ = {isa = PBXFileReference; lastKnownFileType = sourcecode.swift; path = MovieListTableViewController.swift; sourceTree = "<group>"; };
		C58D32262AE8F60B00380F57 /* MoviesListItemCell.swift */ = {isa = PBXFileReference; lastKnownFileType = sourcecode.swift; path = MoviesListItemCell.swift; sourceTree = "<group>"; };
		C58D32282AE90FFD00380F57 /* AccessibilityIdentifier.swift */ = {isa = PBXFileReference; lastKnownFileType = sourcecode.swift; path = AccessibilityIdentifier.swift; sourceTree = "<group>"; };
		C58D322A2AE9100600380F57 /* LoadingView.swift */ = {isa = PBXFileReference; lastKnownFileType = sourcecode.swift; path = LoadingView.swift; sourceTree = "<group>"; };
		C58D322C2AE9E2C000380F57 /* BackButtonEmptyTitleNavigationBarBehavior.swift */ = {isa = PBXFileReference; lastKnownFileType = sourcecode.swift; path = BackButtonEmptyTitleNavigationBarBehavior.swift; sourceTree = "<group>"; };
		C58D32312AEA0BA600380F57 /* en */ = {isa = PBXFileReference; lastKnownFileType = text.plist.strings; name = en; path = en.lproj/Localizable.strings; sourceTree = "<group>"; };
		C58D32332AEA0BC600380F57 /* ko */ = {isa = PBXFileReference; lastKnownFileType = text.plist.strings; name = ko; path = ko.lproj/LaunchScreen.strings; sourceTree = "<group>"; };
		C58D32342AEA0BC600380F57 /* ko */ = {isa = PBXFileReference; lastKnownFileType = text.plist.strings; name = ko; path = ko.lproj/Localizable.strings; sourceTree = "<group>"; };
		C58D32352AEA2D1F00380F57 /* BlackStyleNavigationBarBehavior.swift */ = {isa = PBXFileReference; lastKnownFileType = sourcecode.swift; path = BlackStyleNavigationBarBehavior.swift; sourceTree = "<group>"; };
		C58D32392AEA3F7300380F57 /* MoviesQueryListItemViewModel.swift */ = {isa = PBXFileReference; lastKnownFileType = sourcecode.swift; path = MoviesQueryListItemViewModel.swift; sourceTree = "<group>"; };
		C58D323B2AEA3F7D00380F57 /* MoviesQueryListViewModel.swift */ = {isa = PBXFileReference; lastKnownFileType = sourcecode.swift; path = MoviesQueryListViewModel.swift; sourceTree = "<group>"; };
		C58D323D2AEA3F9000380F57 /* MoviesQueriesTableViewController.swift */ = {isa = PBXFileReference; lastKnownFileType = sourcecode.swift; path = MoviesQueriesTableViewController.swift; sourceTree = "<group>"; };
		C58D32402AEA3FD200380F57 /* MoviesQueriesItemCell.swift */ = {isa = PBXFileReference; lastKnownFileType = sourcecode.swift; path = MoviesQueriesItemCell.swift; sourceTree = "<group>"; };
		C58D32452AEA631100380F57 /* MoviewDetailsViewModel.swift */ = {isa = PBXFileReference; lastKnownFileType = sourcecode.swift; path = MoviewDetailsViewModel.swift; sourceTree = "<group>"; };
		C58D32472AEA631E00380F57 /* MovieDetailsViewController.swift */ = {isa = PBXFileReference; lastKnownFileType = sourcecode.swift; path = MovieDetailsViewController.swift; sourceTree = "<group>"; };
		C58D32492AEB4AA600380F57 /* UIImage+imageColor.swift */ = {isa = PBXFileReference; lastKnownFileType = sourcecode.swift; path = "UIImage+imageColor.swift"; sourceTree = "<group>"; };
		C58D324B2AEB584100380F57 /* TabBarFlowCoordinator.swift */ = {isa = PBXFileReference; lastKnownFileType = sourcecode.swift; path = TabBarFlowCoordinator.swift; sourceTree = "<group>"; };
/* End PBXFileReference section */

/* Begin PBXFrameworksBuildPhase section */
		C518630E2A9D954F00141FCB /* Frameworks */ = {
			isa = PBXFrameworksBuildPhase;
			buildActionMask = 2147483647;
			files = (
			);
			runOnlyForDeploymentPostprocessing = 0;
		};
		C51863422A9DF0BE00141FCB /* Frameworks */ = {
			isa = PBXFrameworksBuildPhase;
			buildActionMask = 2147483647;
			files = (
			);
			runOnlyForDeploymentPostprocessing = 0;
		};
/* End PBXFrameworksBuildPhase section */

/* Begin PBXGroup section */
		C51863082A9D954F00141FCB = {
			isa = PBXGroup;
			children = (
				C51863132A9D954F00141FCB /* MoviePractice */,
				C51863462A9DF0BE00141FCB /* MoviePracticeTests */,
				C51863122A9D954F00141FCB /* Products */,
			);
			sourceTree = "<group>";
		};
		C51863122A9D954F00141FCB /* Products */ = {
			isa = PBXGroup;
			children = (
				C51863112A9D954F00141FCB /* MoviePractice.app */,
				C51863452A9DF0BE00141FCB /* MoviePracticeTests.xctest */,
			);
			name = Products;
			sourceTree = "<group>";
		};
		C51863132A9D954F00141FCB /* MoviePractice */ = {
			isa = PBXGroup;
			children = (
				C518632D2A9DE87400141FCB /* Utils */,
				C5681DC72AA1AAF100BA4FDC /* Application */,
				C518632F2A9DEC2900141FCB /* Presentation */,
				C518632E2A9DE91900141FCB /* Domain */,
				C51863302A9DEC4A00141FCB /* Data */,
				C5681DA82A9F72F200BA4FDC /* Common */,
				C5681DBD2AA1A73A00BA4FDC /* Infrastructure */,
			);
			path = MoviePractice;
			sourceTree = "<group>";
		};
		C518632D2A9DE87400141FCB /* Utils */ = {
			isa = PBXGroup;
			children = (
				C518631D2A9D955000141FCB /* Assets.xcassets */,
				C518631F2A9D955000141FCB /* LaunchScreen.storyboard */,
				C51863222A9D955000141FCB /* Info.plist */,
				C518632B2A9D960B00141FCB /* API.plist */,
				C58D32322AEA0BA600380F57 /* Localizable.strings */,
			);
			path = Utils;
			sourceTree = "<group>";
		};
		C518632E2A9DE91900141FCB /* Domain */ = {
			isa = PBXGroup;
			children = (
				C51863322A9DEEA600141FCB /* Entities */,
				C51863332A9DEEAE00141FCB /* UseCases */,
				C51863342A9DEEBA00141FCB /* Interfaces */,
			);
			path = Domain;
			sourceTree = "<group>";
		};
		C518632F2A9DEC2900141FCB /* Presentation */ = {
			isa = PBXGroup;
			children = (
				C58D31D02AE642F300380F57 /* MoviesScene */,
				C5681DB52AA0769800BA4FDC /* Utils */,
			);
			path = Presentation;
			sourceTree = "<group>";
		};
		C51863302A9DEC4A00141FCB /* Data */ = {
			isa = PBXGroup;
			children = (
				C518633B2A9DEF4600141FCB /* Repositories */,
				C518633D2A9DEF6D00141FCB /* Network */,
				C518633C2A9DEF5000141FCB /* PersistentStorages */,
			);
			path = Data;
			sourceTree = "<group>";
		};
		C51863322A9DEEA600141FCB /* Entities */ = {
			isa = PBXGroup;
			children = (
				C5681D9F2A9F6E8D00BA4FDC /* Movie.swift */,
				C58D32012AE6646B00380F57 /* MovieQuery.swift */,
				C5681DA12A9F6E9800BA4FDC /* MovieDetail.swift */,
			);
			path = Entities;
			sourceTree = "<group>";
		};
		C51863332A9DEEAE00141FCB /* UseCases */ = {
			isa = PBXGroup;
			children = (
				C58D32032AE6678700380F57 /* SearchMoviesUseCase.swift */,
				C58D32052AE6679C00380F57 /* FetchRecentMovieQueriesUseCase.swift */,
				C5681DA32A9F717800BA4FDC /* LoadPopularMoviesUseCase.swift */,
				C5681DAF2A9F775300BA4FDC /* LoadMovieDetailUseCase.swift */,
				C5681DA52A9F72BE00BA4FDC /* Protocol */,
			);
			path = UseCases;
			sourceTree = "<group>";
		};
		C51863342A9DEEBA00141FCB /* Interfaces */ = {
			isa = PBXGroup;
			children = (
				C51863352A9DEED500141FCB /* Repositories */,
			);
			path = Interfaces;
			sourceTree = "<group>";
		};
		C51863352A9DEED500141FCB /* Repositories */ = {
			isa = PBXGroup;
			children = (
				C58D32072AE667BB00380F57 /* MoviesRespository.swift */,
				C58D32092AE667CC00380F57 /* MoviesQueriesRepository.swift */,
				C5681DAB2A9F754800BA4FDC /* PopularMoviesRepository.swift */,
				C5681DAD2A9F767200BA4FDC /* MovieDetailRepository.swift */,
				C5681DB32AA0761100BA4FDC /* PosterImagesRepository.swift */,
			);
			path = Repositories;
			sourceTree = "<group>";
		};
		C51863372A9DEF2900141FCB /* MovieDetails */ = {
			isa = PBXGroup;
			children = (
				C58D32432AEA62F300380F57 /* ViewModel */,
				C58D32442AEA62FD00380F57 /* View */,
			);
			path = MovieDetails;
			sourceTree = "<group>";
		};
		C51863382A9DEF3100141FCB /* MoviesList */ = {
			isa = PBXGroup;
			children = (
				C518633A2A9DEF3D00141FCB /* ViewModel */,
				C51863392A9DEF3900141FCB /* View */,
			);
			path = MoviesList;
			sourceTree = "<group>";
		};
		C51863392A9DEF3900141FCB /* View */ = {
			isa = PBXGroup;
			children = (
				C58D32212AE8F3D600380F57 /* MoviesListViewController.swift */,
				C5681DB22AA0735400BA4FDC /* MovieListTableView */,
			);
			path = View;
			sourceTree = "<group>";
		};
		C518633A2A9DEF3D00141FCB /* ViewModel */ = {
			isa = PBXGroup;
			children = (
				C58D321D2AE8F07E00380F57 /* MoviesListViewModel.swift */,
				C58D321F2AE8F20000380F57 /* MovieListItemViewModel.swift */,
			);
			path = ViewModel;
			sourceTree = "<group>";
		};
		C518633B2A9DEF4600141FCB /* Repositories */ = {
			isa = PBXGroup;
			children = (
				C58D31D22AE64E1100380F57 /* DefaultMoviesRepository.swift */,
				C58D31D42AE64E2D00380F57 /* DefaultMoviesQueriesRepository.swift */,
				C58D31D62AE64E3900380F57 /* DefaultPosterImagesRepository.swift */,
				C58D31D82AE64E3F00380F57 /* Utils */,
			);
			path = Repositories;
			sourceTree = "<group>";
		};
		C518633C2A9DEF5000141FCB /* PersistentStorages */ = {
			isa = PBXGroup;
			children = (
				C58D31E42AE64EAD00380F57 /* MoviesResponseStorage */,
				C58D31E32AE64EA000380F57 /* MoviesQueriesStorage */,
				C58D31E22AE64E9500380F57 /* CoreDataStorage */,
			);
			path = PersistentStorages;
			sourceTree = "<group>";
		};
		C518633D2A9DEF6D00141FCB /* Network */ = {
			isa = PBXGroup;
			children = (
				C58D31DB2AE64E5D00380F57 /* APIEndpoints.swift */,
				C58D31DD2AE64E6200380F57 /* DataMapping */,
			);
			path = Network;
			sourceTree = "<group>";
		};
		C51863462A9DF0BE00141FCB /* MoviePracticeTests */ = {
			isa = PBXGroup;
			children = (
				C51863472A9DF0BE00141FCB /* MoviePracticeTests.swift */,
			);
			path = MoviePracticeTests;
			sourceTree = "<group>";
		};
		C5308D392AF2322700856854 /* Search */ = {
			isa = PBXGroup;
			children = (
				C51863382A9DEF3100141FCB /* MoviesList */,
				C51863372A9DEF2900141FCB /* MovieDetails */,
				C58D31CF2AE642DD00380F57 /* MoviesQueriesList */,
			);
			path = Search;
			sourceTree = "<group>";
		};
		C5308D3A2AF2323600856854 /* Popular */ = {
			isa = PBXGroup;
			children = (
				C5308D3D2AF2326100856854 /* MoviesList */,
				C5308D3E2AF2326B00856854 /* MovieDetails */,
			);
			path = Popular;
			sourceTree = "<group>";
		};
		C5308D3B2AF2324600856854 /* MyPage */ = {
			isa = PBXGroup;
			children = (
				C5308D3F2AF2328600856854 /* MyInfo */,
				C5308D402AF2329300856854 /* Bookmark */,
			);
			path = MyPage;
			sourceTree = "<group>";
		};
		C5308D3C2AF2324A00856854 /* Login */ = {
			isa = PBXGroup;
			children = (
				C5308D422AF232AE00856854 /* ViewModel */,
				C5308D412AF232A700856854 /* View */,
			);
			path = Login;
			sourceTree = "<group>";
		};
		C5308D3D2AF2326100856854 /* MoviesList */ = {
			isa = PBXGroup;
			children = (
				C5308D442AF232D500856854 /* ViewModel */,
				C5308D432AF232D100856854 /* View */,
			);
			path = MoviesList;
			sourceTree = "<group>";
		};
		C5308D3E2AF2326B00856854 /* MovieDetails */ = {
			isa = PBXGroup;
			children = (
				C5308D462AF232DC00856854 /* ViewModel */,
				C5308D452AF232D900856854 /* View */,
			);
			path = MovieDetails;
			sourceTree = "<group>";
		};
		C5308D3F2AF2328600856854 /* MyInfo */ = {
			isa = PBXGroup;
			children = (
				C5308D482AF232E400856854 /* ViewModel */,
				C5308D472AF232E000856854 /* View */,
			);
			path = MyInfo;
			sourceTree = "<group>";
		};
		C5308D402AF2329300856854 /* Bookmark */ = {
			isa = PBXGroup;
			children = (
				C5308D4A2AF232EB00856854 /* ViewModel */,
				C5308D492AF232E800856854 /* View */,
			);
			path = Bookmark;
			sourceTree = "<group>";
		};
		C5308D412AF232A700856854 /* View */ = {
			isa = PBXGroup;
			children = (
				C533C9872AF8D16300F7A4C4 /* LoginViewController.swift */,
			);
			path = View;
			sourceTree = "<group>";
		};
		C5308D422AF232AE00856854 /* ViewModel */ = {
			isa = PBXGroup;
			children = (
				C533C9852AF8D15B00F7A4C4 /* LoginViewModel.swift */,
			);
			path = ViewModel;
			sourceTree = "<group>";
		};
		C5308D432AF232D100856854 /* View */ = {
			isa = PBXGroup;
			children = (
			);
			path = View;
			sourceTree = "<group>";
		};
		C5308D442AF232D500856854 /* ViewModel */ = {
			isa = PBXGroup;
			children = (
			);
			path = ViewModel;
			sourceTree = "<group>";
		};
		C5308D452AF232D900856854 /* View */ = {
			isa = PBXGroup;
			children = (
			);
			path = View;
			sourceTree = "<group>";
		};
		C5308D462AF232DC00856854 /* ViewModel */ = {
			isa = PBXGroup;
			children = (
			);
			path = ViewModel;
			sourceTree = "<group>";
		};
		C5308D472AF232E000856854 /* View */ = {
			isa = PBXGroup;
			children = (
			);
			path = View;
			sourceTree = "<group>";
		};
		C5308D482AF232E400856854 /* ViewModel */ = {
			isa = PBXGroup;
			children = (
			);
			path = ViewModel;
			sourceTree = "<group>";
		};
		C5308D492AF232E800856854 /* View */ = {
			isa = PBXGroup;
			children = (
			);
			path = View;
			sourceTree = "<group>";
		};
		C5308D4A2AF232EB00856854 /* ViewModel */ = {
			isa = PBXGroup;
			children = (
			);
			path = ViewModel;
			sourceTree = "<group>";
		};
		C5681DA52A9F72BE00BA4FDC /* Protocol */ = {
			isa = PBXGroup;
			children = (
				C5681DA62A9F72C900BA4FDC /* UseCase.swift */,
			);
			path = Protocol;
			sourceTree = "<group>";
		};
		C5681DA82A9F72F200BA4FDC /* Common */ = {
			isa = PBXGroup;
			children = (
				C5681DA92A9F731C00BA4FDC /* Cancellable.swift */,
				C58D31C12AE6413400380F57 /* ConnectionError.swift */,
				C58D31C32AE6413F00380F57 /* DispatchQueueType.swift */,
			);
			path = Common;
			sourceTree = "<group>";
		};
		C5681DB22AA0735400BA4FDC /* MovieListTableView */ = {
			isa = PBXGroup;
			children = (
				C58D32232AE8F4FB00380F57 /* MovieListTableViewController.swift */,
				C58D32252AE8F5FD00380F57 /* Cells */,
			);
			path = MovieListTableView;
			sourceTree = "<group>";
		};
		C5681DB52AA0769800BA4FDC /* Utils */ = {
			isa = PBXGroup;
			children = (
				C5681DB72AA076B800BA4FDC /* Extensions */,
				C5681DB62AA076AD00BA4FDC /* Protocols */,
				C5681DB82AA0972600BA4FDC /* Observable.swift */,
				C5681DBB2AA1927000BA4FDC /* Disposable.swift */,
				C58D32282AE90FFD00380F57 /* AccessibilityIdentifier.swift */,
				C58D322A2AE9100600380F57 /* LoadingView.swift */,
				C5308D0D2AF101B200856854 /* TabBarPage.swift */,
				C5308D312AF22D9E00856854 /* TabBarController.swift */,
			);
			path = Utils;
			sourceTree = "<group>";
		};
		C5681DB62AA076AD00BA4FDC /* Protocols */ = {
			isa = PBXGroup;
			children = (
				C5308D0B2AF0F21D00856854 /* Coordinator.swift */,
				C58D320D2AE8B20A00380F57 /* Alertable.swift */,
			);
			path = Protocols;
			sourceTree = "<group>";
		};
		C5681DB72AA076B800BA4FDC /* Extensions */ = {
			isa = PBXGroup;
			children = (
				C58D321B2AE8B5F800380F57 /* UIViewController+AddBehaviors.swift */,
				C58D32192AE8B5EB00380F57 /* UIViewController+AddChild.swift */,
				C58D32172AE8B5E000380F57 /* UIViewController+ActivityIndicator.swift */,
				C58D32152AE8B5CE00380F57 /* UIImageView+ImageSizeAfterAspectFit.swift */,
				C58D32132AE8B5BD00380F57 /* CGSize_ScaledSize.swift */,
				C58D32112AE8B5B200380F57 /* DataTransferError+ConnectionError.swift */,
				C58D32492AEB4AA600380F57 /* UIImage+imageColor.swift */,
			);
			path = Extensions;
			sourceTree = "<group>";
		};
		C5681DBD2AA1A73A00BA4FDC /* Infrastructure */ = {
			isa = PBXGroup;
			children = (
				C5681DBE2AA1A74B00BA4FDC /* Network */,
			);
			path = Infrastructure;
			sourceTree = "<group>";
		};
		C5681DBE2AA1A74B00BA4FDC /* Network */ = {
			isa = PBXGroup;
			children = (
				C5681DBF2AA1A77C00BA4FDC /* DataTransferService.swift */,
				C5681DC52AA1A7B900BA4FDC /* NetworkService.swift */,
				C5681DC12AA1A79E00BA4FDC /* Endpoint.swift */,
				C5681DC32AA1A7AF00BA4FDC /* NetworkConfigurable.swift */,
			);
			path = Network;
			sourceTree = "<group>";
		};
		C5681DC72AA1AAF100BA4FDC /* Application */ = {
			isa = PBXGroup;
			children = (
				C51863142A9D954F00141FCB /* AppDelegate.swift */,
				C51863162A9D954F00141FCB /* SceneDelegate.swift */,
				C58D31C52AE6426500380F57 /* AppConfigurations.swift */,
				C58D31C72AE6426E00380F57 /* AppFlowCoordinator.swift */,
				C58D31C92AE6427300380F57 /* DIContainer */,
			);
			path = Application;
			sourceTree = "<group>";
		};
		C58D31C92AE6427300380F57 /* DIContainer */ = {
			isa = PBXGroup;
			children = (
				C58D31CA2AE6428200380F57 /* AppDIContainer.swift */,
				C533C9892AF8DACC00F7A4C4 /* LoginSceneDIContainer.swift */,
				C58D31CC2AE6428C00380F57 /* MoviesSceneDIContainer.swift */,
				C5308D4B2AF2358E00856854 /* MoviePopularDIContainer.swift */,
			);
			path = DIContainer;
			sourceTree = "<group>";
		};
		C58D31CE2AE642D200380F57 /* Flows */ = {
			isa = PBXGroup;
			children = (
				C5308D352AF22F4400856854 /* LoginFlowCoordinator.swift */,
				C58D324B2AEB584100380F57 /* TabBarFlowCoordinator.swift */,
				C58D31FF2AE6536900380F57 /* MoviesSearchFlowCoordinator.swift */,
				C5308D332AF22F3B00856854 /* MoviePopularFlowCoordinator.swift */,
				C5308D372AF22F5500856854 /* MyPageFlowCoordinator.swift */,
			);
			path = Flows;
			sourceTree = "<group>";
		};
		C58D31CF2AE642DD00380F57 /* MoviesQueriesList */ = {
			isa = PBXGroup;
			children = (
				C58D32382AEA3F6000380F57 /* ViewModel */,
				C58D32372AEA3F5900380F57 /* View */,
			);
			path = MoviesQueriesList;
			sourceTree = "<group>";
		};
		C58D31D02AE642F300380F57 /* MoviesScene */ = {
			isa = PBXGroup;
			children = (
				C58D31CE2AE642D200380F57 /* Flows */,
				C5308D3C2AF2324A00856854 /* Login */,
				C5308D392AF2322700856854 /* Search */,
				C5308D3A2AF2323600856854 /* Popular */,
				C5308D3B2AF2324600856854 /* MyPage */,
				C58D31D12AE6430500380F57 /* Behaviors */,
			);
			path = MoviesScene;
			sourceTree = "<group>";
		};
		C58D31D12AE6430500380F57 /* Behaviors */ = {
			isa = PBXGroup;
			children = (
				C58D322C2AE9E2C000380F57 /* BackButtonEmptyTitleNavigationBarBehavior.swift */,
				C58D32352AEA2D1F00380F57 /* BlackStyleNavigationBarBehavior.swift */,
			);
			path = Behaviors;
			sourceTree = "<group>";
		};
		C58D31D82AE64E3F00380F57 /* Utils */ = {
			isa = PBXGroup;
			children = (
				C58D31D92AE64E5100380F57 /* RepositoryTask.swift */,
			);
			path = Utils;
			sourceTree = "<group>";
		};
		C58D31DD2AE64E6200380F57 /* DataMapping */ = {
			isa = PBXGroup;
			children = (
				C58D31DE2AE64E7A00380F57 /* MoviesRequestDTO+Mapping.swift */,
				C58D31E02AE64E8A00380F57 /* MoviesResponseDTO+Mapping.swift */,
			);
			path = DataMapping;
			sourceTree = "<group>";
		};
		C58D31E22AE64E9500380F57 /* CoreDataStorage */ = {
			isa = PBXGroup;
			children = (
				C58D31E82AE64EE900380F57 /* CoreDataStorage.swift */,
				C58D31E52AE64EDD00380F57 /* CoreDataStorage.xcdatamodeld */,
			);
			path = CoreDataStorage;
			sourceTree = "<group>";
		};
		C58D31E32AE64EA000380F57 /* MoviesQueriesStorage */ = {
			isa = PBXGroup;
			children = (
				C58D31F62AE64FB000380F57 /* MoviesQueriesStorage.swift */,
				C58D31EB2AE64F1600380F57 /* CoreDataStorage */,
				C58D31EA2AE64F0600380F57 /* UserDefaultsStorage */,
			);
			path = MoviesQueriesStorage;
			sourceTree = "<group>";
		};
		C58D31E42AE64EAD00380F57 /* MoviesResponseStorage */ = {
			isa = PBXGroup;
			children = (
				C58D31FB2AE64FE900380F57 /* MoviesResponseStorage.swift */,
				C58D31FD2AE64FFB00380F57 /* CoreDataMoviesResponseStorage.swift */,
				C58D31F82AE64FB900380F57 /* EntityMapping */,
			);
			path = MoviesResponseStorage;
			sourceTree = "<group>";
		};
		C58D31EA2AE64F0600380F57 /* UserDefaultsStorage */ = {
			isa = PBXGroup;
			children = (
				C58D31F22AE64F7C00380F57 /* UserDefaultsMoviesQueriesStorage.swift */,
				C58D31EC2AE64F2100380F57 /* DataMapping */,
			);
			path = UserDefaultsStorage;
			sourceTree = "<group>";
		};
		C58D31EB2AE64F1600380F57 /* CoreDataStorage */ = {
			isa = PBXGroup;
			children = (
				C58D31EE2AE64F5000380F57 /* CoreDataMoviesQueriesStorage.swift */,
				C58D31ED2AE64F3000380F57 /* DataMapping */,
			);
			path = CoreDataStorage;
			sourceTree = "<group>";
		};
		C58D31EC2AE64F2100380F57 /* DataMapping */ = {
			isa = PBXGroup;
			children = (
				C58D31F42AE64F9A00380F57 /* MovieQueryUDS+Mapping.swift */,
			);
			path = DataMapping;
			sourceTree = "<group>";
		};
		C58D31ED2AE64F3000380F57 /* DataMapping */ = {
			isa = PBXGroup;
			children = (
				C58D31F02AE64F6600380F57 /* MovieQueryEntity+Mapping.swift */,
			);
			path = DataMapping;
			sourceTree = "<group>";
		};
		C58D31F82AE64FB900380F57 /* EntityMapping */ = {
			isa = PBXGroup;
			children = (
				C58D31F92AE64FD400380F57 /* MoviesResponseEntity+Mapping.swift */,
			);
			path = EntityMapping;
			sourceTree = "<group>";
		};
		C58D32252AE8F5FD00380F57 /* Cells */ = {
			isa = PBXGroup;
			children = (
				C58D32262AE8F60B00380F57 /* MoviesListItemCell.swift */,
			);
			path = Cells;
			sourceTree = "<group>";
		};
		C58D32372AEA3F5900380F57 /* View */ = {
			isa = PBXGroup;
			children = (
				C58D323D2AEA3F9000380F57 /* MoviesQueriesTableViewController.swift */,
				C58D323F2AEA3FB300380F57 /* Cell */,
			);
			path = View;
			sourceTree = "<group>";
		};
		C58D32382AEA3F6000380F57 /* ViewModel */ = {
			isa = PBXGroup;
			children = (
				C58D323B2AEA3F7D00380F57 /* MoviesQueryListViewModel.swift */,
				C58D32392AEA3F7300380F57 /* MoviesQueryListItemViewModel.swift */,
			);
			path = ViewModel;
			sourceTree = "<group>";
		};
		C58D323F2AEA3FB300380F57 /* Cell */ = {
			isa = PBXGroup;
			children = (
				C58D32402AEA3FD200380F57 /* MoviesQueriesItemCell.swift */,
			);
			path = Cell;
			sourceTree = "<group>";
		};
		C58D32432AEA62F300380F57 /* ViewModel */ = {
			isa = PBXGroup;
			children = (
				C58D32452AEA631100380F57 /* MoviewDetailsViewModel.swift */,
			);
			path = ViewModel;
			sourceTree = "<group>";
		};
		C58D32442AEA62FD00380F57 /* View */ = {
			isa = PBXGroup;
			children = (
				C58D32472AEA631E00380F57 /* MovieDetailsViewController.swift */,
			);
			path = View;
			sourceTree = "<group>";
		};
/* End PBXGroup section */

/* Begin PBXNativeTarget section */
		C51863102A9D954F00141FCB /* MoviePractice */ = {
			isa = PBXNativeTarget;
			buildConfigurationList = C51863252A9D955000141FCB /* Build configuration list for PBXNativeTarget "MoviePractice" */;
			buildPhases = (
				C518630D2A9D954F00141FCB /* Sources */,
				C518630E2A9D954F00141FCB /* Frameworks */,
				C518630F2A9D954F00141FCB /* Resources */,
			);
			buildRules = (
			);
			dependencies = (
			);
			name = MoviePractice;
			productName = MoviePractice;
			productReference = C51863112A9D954F00141FCB /* MoviePractice.app */;
			productType = "com.apple.product-type.application";
		};
		C51863442A9DF0BE00141FCB /* MoviePracticeTests */ = {
			isa = PBXNativeTarget;
			buildConfigurationList = C518634B2A9DF0BE00141FCB /* Build configuration list for PBXNativeTarget "MoviePracticeTests" */;
			buildPhases = (
				C51863412A9DF0BE00141FCB /* Sources */,
				C51863422A9DF0BE00141FCB /* Frameworks */,
				C51863432A9DF0BE00141FCB /* Resources */,
			);
			buildRules = (
			);
			dependencies = (
				C518634A2A9DF0BE00141FCB /* PBXTargetDependency */,
			);
			name = MoviePracticeTests;
			productName = MoviePracticeTests;
			productReference = C51863452A9DF0BE00141FCB /* MoviePracticeTests.xctest */;
			productType = "com.apple.product-type.bundle.unit-test";
		};
/* End PBXNativeTarget section */

/* Begin PBXProject section */
		C51863092A9D954F00141FCB /* Project object */ = {
			isa = PBXProject;
			attributes = {
				BuildIndependentTargetsInParallel = 1;
				LastSwiftUpdateCheck = 1430;
				LastUpgradeCheck = 1430;
				TargetAttributes = {
					C51863102A9D954F00141FCB = {
						CreatedOnToolsVersion = 14.3.1;
					};
					C51863442A9DF0BE00141FCB = {
						CreatedOnToolsVersion = 14.3.1;
						TestTargetID = C51863102A9D954F00141FCB;
					};
				};
			};
			buildConfigurationList = C518630C2A9D954F00141FCB /* Build configuration list for PBXProject "MoviePractice" */;
			compatibilityVersion = "Xcode 14.0";
			developmentRegion = en;
			hasScannedForEncodings = 0;
			knownRegions = (
				en,
				Base,
				ko,
			);
			mainGroup = C51863082A9D954F00141FCB;
			productRefGroup = C51863122A9D954F00141FCB /* Products */;
			projectDirPath = "";
			projectRoot = "";
			targets = (
				C51863102A9D954F00141FCB /* MoviePractice */,
				C51863442A9DF0BE00141FCB /* MoviePracticeTests */,
			);
		};
/* End PBXProject section */

/* Begin PBXResourcesBuildPhase section */
		C518630F2A9D954F00141FCB /* Resources */ = {
			isa = PBXResourcesBuildPhase;
			buildActionMask = 2147483647;
			files = (
				C51863212A9D955000141FCB /* LaunchScreen.storyboard in Resources */,
				C58D32302AEA0BA600380F57 /* Localizable.strings in Resources */,
				C518632C2A9D960B00141FCB /* API.plist in Resources */,
				C518631E2A9D955000141FCB /* Assets.xcassets in Resources */,
			);
			runOnlyForDeploymentPostprocessing = 0;
		};
		C51863432A9DF0BE00141FCB /* Resources */ = {
			isa = PBXResourcesBuildPhase;
			buildActionMask = 2147483647;
			files = (
			);
			runOnlyForDeploymentPostprocessing = 0;
		};
/* End PBXResourcesBuildPhase section */

/* Begin PBXSourcesBuildPhase section */
		C518630D2A9D954F00141FCB /* Sources */ = {
			isa = PBXSourcesBuildPhase;
			buildActionMask = 2147483647;
			files = (
				C58D324C2AEB584100380F57 /* TabBarFlowCoordinator.swift in Sources */,
				C5308D342AF22F3B00856854 /* MoviePopularFlowCoordinator.swift in Sources */,
				C58D32462AEA631100380F57 /* MoviewDetailsViewModel.swift in Sources */,
				C58D32122AE8B5B200380F57 /* DataTransferError+ConnectionError.swift in Sources */,
				C58D31D72AE64E3900380F57 /* DefaultPosterImagesRepository.swift in Sources */,
				C58D31CB2AE6428200380F57 /* AppDIContainer.swift in Sources */,
				C58D321A2AE8B5EB00380F57 /* UIViewController+AddChild.swift in Sources */,
				C58D31C22AE6413400380F57 /* ConnectionError.swift in Sources */,
				C533C9862AF8D15B00F7A4C4 /* LoginViewModel.swift in Sources */,
				C5681DC02AA1A77C00BA4FDC /* DataTransferService.swift in Sources */,
				C5681DAA2A9F731C00BA4FDC /* Cancellable.swift in Sources */,
				C58D32222AE8F3D600380F57 /* MoviesListViewController.swift in Sources */,
				C5681DB02A9F775300BA4FDC /* LoadMovieDetailUseCase.swift in Sources */,
				C58D32082AE667BB00380F57 /* MoviesRespository.swift in Sources */,
				C5308D4C2AF2358E00856854 /* MoviePopularDIContainer.swift in Sources */,
				C5308D382AF22F5500856854 /* MyPageFlowCoordinator.swift in Sources */,
				C58D31F32AE64F7C00380F57 /* UserDefaultsMoviesQueriesStorage.swift in Sources */,
				C58D31F52AE64F9A00380F57 /* MovieQueryUDS+Mapping.swift in Sources */,
				C58D31FE2AE64FFB00380F57 /* CoreDataMoviesResponseStorage.swift in Sources */,
				C5308D322AF22D9E00856854 /* TabBarController.swift in Sources */,
				C5681DA02A9F6E8D00BA4FDC /* Movie.swift in Sources */,
				C58D31CD2AE6428C00380F57 /* MoviesSceneDIContainer.swift in Sources */,
				C58D32482AEA631E00380F57 /* MovieDetailsViewController.swift in Sources */,
				C58D32242AE8F4FB00380F57 /* MovieListTableViewController.swift in Sources */,
				C58D32202AE8F20000380F57 /* MovieListItemViewModel.swift in Sources */,
				C58D31E92AE64EEA00380F57 /* CoreDataStorage.swift in Sources */,
				C5681DC22AA1A79E00BA4FDC /* Endpoint.swift in Sources */,
				C58D32362AEA2D1F00380F57 /* BlackStyleNavigationBarBehavior.swift in Sources */,
				C58D31D32AE64E1100380F57 /* DefaultMoviesRepository.swift in Sources */,
				C58D323A2AEA3F7300380F57 /* MoviesQueryListItemViewModel.swift in Sources */,
				C533C98A2AF8DACC00F7A4C4 /* LoginSceneDIContainer.swift in Sources */,
				C5681DC62AA1A7B900BA4FDC /* NetworkService.swift in Sources */,
				C5681DA42A9F717800BA4FDC /* LoadPopularMoviesUseCase.swift in Sources */,
				C533C9882AF8D16300F7A4C4 /* LoginViewController.swift in Sources */,
				C58D32182AE8B5E000380F57 /* UIViewController+ActivityIndicator.swift in Sources */,
				C58D32142AE8B5BD00380F57 /* CGSize_ScaledSize.swift in Sources */,
				C58D31E12AE64E8A00380F57 /* MoviesResponseDTO+Mapping.swift in Sources */,
				C58D32042AE6678700380F57 /* SearchMoviesUseCase.swift in Sources */,
				C5681DB92AA0972600BA4FDC /* Observable.swift in Sources */,
				C58D324A2AEB4AA600380F57 /* UIImage+imageColor.swift in Sources */,
				C58D323E2AEA3F9000380F57 /* MoviesQueriesTableViewController.swift in Sources */,
				C5681DAE2A9F767200BA4FDC /* MovieDetailRepository.swift in Sources */,
				C58D31C82AE6426E00380F57 /* AppFlowCoordinator.swift in Sources */,
				C58D31F12AE64F6600380F57 /* MovieQueryEntity+Mapping.swift in Sources */,
				C5308D362AF22F4400856854 /* LoginFlowCoordinator.swift in Sources */,
				C58D320E2AE8B20A00380F57 /* Alertable.swift in Sources */,
				C58D31FC2AE64FE900380F57 /* MoviesResponseStorage.swift in Sources */,
				C58D31DC2AE64E5D00380F57 /* APIEndpoints.swift in Sources */,
				C51863152A9D954F00141FCB /* AppDelegate.swift in Sources */,
				C58D322D2AE9E2C000380F57 /* BackButtonEmptyTitleNavigationBarBehavior.swift in Sources */,
				C58D32412AEA3FD200380F57 /* MoviesQueriesItemCell.swift in Sources */,
				C5681DBC2AA1927000BA4FDC /* Disposable.swift in Sources */,
				C58D321C2AE8B5F800380F57 /* UIViewController+AddBehaviors.swift in Sources */,
				C5681DB42AA0761100BA4FDC /* PosterImagesRepository.swift in Sources */,
				C5681DA72A9F72C900BA4FDC /* UseCase.swift in Sources */,
				C58D32292AE90FFD00380F57 /* AccessibilityIdentifier.swift in Sources */,
				C58D323C2AEA3F7D00380F57 /* MoviesQueryListViewModel.swift in Sources */,
				C58D32162AE8B5CE00380F57 /* UIImageView+ImageSizeAfterAspectFit.swift in Sources */,
				C58D31F72AE64FB000380F57 /* MoviesQueriesStorage.swift in Sources */,
				C58D31DF2AE64E7A00380F57 /* MoviesRequestDTO+Mapping.swift in Sources */,
				C58D32022AE6646B00380F57 /* MovieQuery.swift in Sources */,
				C58D321E2AE8F07E00380F57 /* MoviesListViewModel.swift in Sources */,
				C58D32002AE6536900380F57 /* MoviesSearchFlowCoordinator.swift in Sources */,
				C51863172A9D954F00141FCB /* SceneDelegate.swift in Sources */,
				C5681DAC2A9F754800BA4FDC /* PopularMoviesRepository.swift in Sources */,
				C58D31FA2AE64FD400380F57 /* MoviesResponseEntity+Mapping.swift in Sources */,
				C5681DA22A9F6E9800BA4FDC /* MovieDetail.swift in Sources */,
				C58D31D52AE64E2D00380F57 /* DefaultMoviesQueriesRepository.swift in Sources */,
				C5308D0E2AF101B200856854 /* TabBarPage.swift in Sources */,
				C5308D0C2AF0F21D00856854 /* Coordinator.swift in Sources */,
				C58D31DA2AE64E5100380F57 /* RepositoryTask.swift in Sources */,
				C58D320A2AE667CC00380F57 /* MoviesQueriesRepository.swift in Sources */,
				C58D31C42AE6413F00380F57 /* DispatchQueueType.swift in Sources */,
				C58D322B2AE9100600380F57 /* LoadingView.swift in Sources */,
				C58D31C62AE6426500380F57 /* AppConfigurations.swift in Sources */,
				C58D31E72AE64EDD00380F57 /* CoreDataStorage.xcdatamodeld in Sources */,
				C58D32062AE6679C00380F57 /* FetchRecentMovieQueriesUseCase.swift in Sources */,
				C5681DC42AA1A7AF00BA4FDC /* NetworkConfigurable.swift in Sources */,
				C58D31EF2AE64F5000380F57 /* CoreDataMoviesQueriesStorage.swift in Sources */,
				C58D32272AE8F60B00380F57 /* MoviesListItemCell.swift in Sources */,
			);
			runOnlyForDeploymentPostprocessing = 0;
		};
		C51863412A9DF0BE00141FCB /* Sources */ = {
			isa = PBXSourcesBuildPhase;
			buildActionMask = 2147483647;
			files = (
				C51863482A9DF0BE00141FCB /* MoviePracticeTests.swift in Sources */,
			);
			runOnlyForDeploymentPostprocessing = 0;
		};
/* End PBXSourcesBuildPhase section */

/* Begin PBXTargetDependency section */
		C518634A2A9DF0BE00141FCB /* PBXTargetDependency */ = {
			isa = PBXTargetDependency;
			target = C51863102A9D954F00141FCB /* MoviePractice */;
			targetProxy = C51863492A9DF0BE00141FCB /* PBXContainerItemProxy */;
		};
/* End PBXTargetDependency section */

/* Begin PBXVariantGroup section */
		C518631F2A9D955000141FCB /* LaunchScreen.storyboard */ = {
			isa = PBXVariantGroup;
			children = (
				C51863202A9D955000141FCB /* Base */,
				C58D32332AEA0BC600380F57 /* ko */,
			);
			name = LaunchScreen.storyboard;
			sourceTree = "<group>";
		};
		C58D32322AEA0BA600380F57 /* Localizable.strings */ = {
			isa = PBXVariantGroup;
			children = (
				C58D32312AEA0BA600380F57 /* en */,
				C58D32342AEA0BC600380F57 /* ko */,
			);
			name = Localizable.strings;
			sourceTree = "<group>";
		};
/* End PBXVariantGroup section */

/* Begin XCBuildConfiguration section */
		C51863232A9D955000141FCB /* Debug */ = {
			isa = XCBuildConfiguration;
			buildSettings = {
				ALWAYS_SEARCH_USER_PATHS = NO;
				CLANG_ANALYZER_LOCALIZABILITY_NONLOCALIZED = YES;
				CLANG_ANALYZER_NONNULL = YES;
				CLANG_ANALYZER_NUMBER_OBJECT_CONVERSION = YES_AGGRESSIVE;
				CLANG_CXX_LANGUAGE_STANDARD = "gnu++20";
				CLANG_ENABLE_MODULES = YES;
				CLANG_ENABLE_OBJC_ARC = YES;
				CLANG_ENABLE_OBJC_WEAK = YES;
				CLANG_WARN_BLOCK_CAPTURE_AUTORELEASING = YES;
				CLANG_WARN_BOOL_CONVERSION = YES;
				CLANG_WARN_COMMA = YES;
				CLANG_WARN_CONSTANT_CONVERSION = YES;
				CLANG_WARN_DEPRECATED_OBJC_IMPLEMENTATIONS = YES;
				CLANG_WARN_DIRECT_OBJC_ISA_USAGE = YES_ERROR;
				CLANG_WARN_DOCUMENTATION_COMMENTS = YES;
				CLANG_WARN_EMPTY_BODY = YES;
				CLANG_WARN_ENUM_CONVERSION = YES;
				CLANG_WARN_INFINITE_RECURSION = YES;
				CLANG_WARN_INT_CONVERSION = YES;
				CLANG_WARN_NON_LITERAL_NULL_CONVERSION = YES;
				CLANG_WARN_OBJC_IMPLICIT_RETAIN_SELF = YES;
				CLANG_WARN_OBJC_LITERAL_CONVERSION = YES;
				CLANG_WARN_OBJC_ROOT_CLASS = YES_ERROR;
				CLANG_WARN_QUOTED_INCLUDE_IN_FRAMEWORK_HEADER = YES;
				CLANG_WARN_RANGE_LOOP_ANALYSIS = YES;
				CLANG_WARN_STRICT_PROTOTYPES = YES;
				CLANG_WARN_SUSPICIOUS_MOVE = YES;
				CLANG_WARN_UNGUARDED_AVAILABILITY = YES_AGGRESSIVE;
				CLANG_WARN_UNREACHABLE_CODE = YES;
				CLANG_WARN__DUPLICATE_METHOD_MATCH = YES;
				COPY_PHASE_STRIP = NO;
				DEBUG_INFORMATION_FORMAT = dwarf;
				ENABLE_STRICT_OBJC_MSGSEND = YES;
				ENABLE_TESTABILITY = YES;
				GCC_C_LANGUAGE_STANDARD = gnu11;
				GCC_DYNAMIC_NO_PIC = NO;
				GCC_NO_COMMON_BLOCKS = YES;
				GCC_OPTIMIZATION_LEVEL = 0;
				GCC_PREPROCESSOR_DEFINITIONS = (
					"DEBUG=1",
					"$(inherited)",
				);
				GCC_WARN_64_TO_32_BIT_CONVERSION = YES;
				GCC_WARN_ABOUT_RETURN_TYPE = YES_ERROR;
				GCC_WARN_UNDECLARED_SELECTOR = YES;
				GCC_WARN_UNINITIALIZED_AUTOS = YES_AGGRESSIVE;
				GCC_WARN_UNUSED_FUNCTION = YES;
				GCC_WARN_UNUSED_VARIABLE = YES;
				IPHONEOS_DEPLOYMENT_TARGET = 16.4;
				MTL_ENABLE_DEBUG_INFO = INCLUDE_SOURCE;
				MTL_FAST_MATH = YES;
				ONLY_ACTIVE_ARCH = YES;
				SDKROOT = iphoneos;
				SWIFT_ACTIVE_COMPILATION_CONDITIONS = DEBUG;
				SWIFT_OPTIMIZATION_LEVEL = "-Onone";
			};
			name = Debug;
		};
		C51863242A9D955000141FCB /* Release */ = {
			isa = XCBuildConfiguration;
			buildSettings = {
				ALWAYS_SEARCH_USER_PATHS = NO;
				CLANG_ANALYZER_LOCALIZABILITY_NONLOCALIZED = YES;
				CLANG_ANALYZER_NONNULL = YES;
				CLANG_ANALYZER_NUMBER_OBJECT_CONVERSION = YES_AGGRESSIVE;
				CLANG_CXX_LANGUAGE_STANDARD = "gnu++20";
				CLANG_ENABLE_MODULES = YES;
				CLANG_ENABLE_OBJC_ARC = YES;
				CLANG_ENABLE_OBJC_WEAK = YES;
				CLANG_WARN_BLOCK_CAPTURE_AUTORELEASING = YES;
				CLANG_WARN_BOOL_CONVERSION = YES;
				CLANG_WARN_COMMA = YES;
				CLANG_WARN_CONSTANT_CONVERSION = YES;
				CLANG_WARN_DEPRECATED_OBJC_IMPLEMENTATIONS = YES;
				CLANG_WARN_DIRECT_OBJC_ISA_USAGE = YES_ERROR;
				CLANG_WARN_DOCUMENTATION_COMMENTS = YES;
				CLANG_WARN_EMPTY_BODY = YES;
				CLANG_WARN_ENUM_CONVERSION = YES;
				CLANG_WARN_INFINITE_RECURSION = YES;
				CLANG_WARN_INT_CONVERSION = YES;
				CLANG_WARN_NON_LITERAL_NULL_CONVERSION = YES;
				CLANG_WARN_OBJC_IMPLICIT_RETAIN_SELF = YES;
				CLANG_WARN_OBJC_LITERAL_CONVERSION = YES;
				CLANG_WARN_OBJC_ROOT_CLASS = YES_ERROR;
				CLANG_WARN_QUOTED_INCLUDE_IN_FRAMEWORK_HEADER = YES;
				CLANG_WARN_RANGE_LOOP_ANALYSIS = YES;
				CLANG_WARN_STRICT_PROTOTYPES = YES;
				CLANG_WARN_SUSPICIOUS_MOVE = YES;
				CLANG_WARN_UNGUARDED_AVAILABILITY = YES_AGGRESSIVE;
				CLANG_WARN_UNREACHABLE_CODE = YES;
				CLANG_WARN__DUPLICATE_METHOD_MATCH = YES;
				COPY_PHASE_STRIP = NO;
				DEBUG_INFORMATION_FORMAT = "dwarf-with-dsym";
				ENABLE_NS_ASSERTIONS = NO;
				ENABLE_STRICT_OBJC_MSGSEND = YES;
				GCC_C_LANGUAGE_STANDARD = gnu11;
				GCC_NO_COMMON_BLOCKS = YES;
				GCC_WARN_64_TO_32_BIT_CONVERSION = YES;
				GCC_WARN_ABOUT_RETURN_TYPE = YES_ERROR;
				GCC_WARN_UNDECLARED_SELECTOR = YES;
				GCC_WARN_UNINITIALIZED_AUTOS = YES_AGGRESSIVE;
				GCC_WARN_UNUSED_FUNCTION = YES;
				GCC_WARN_UNUSED_VARIABLE = YES;
				IPHONEOS_DEPLOYMENT_TARGET = 16.4;
				MTL_ENABLE_DEBUG_INFO = NO;
				MTL_FAST_MATH = YES;
				SDKROOT = iphoneos;
				SWIFT_COMPILATION_MODE = wholemodule;
				SWIFT_OPTIMIZATION_LEVEL = "-O";
				VALIDATE_PRODUCT = YES;
			};
			name = Release;
		};
		C51863262A9D955000141FCB /* Debug */ = {
			isa = XCBuildConfiguration;
			buildSettings = {
				ASSETCATALOG_COMPILER_APPICON_NAME = AppIcon;
				ASSETCATALOG_COMPILER_GLOBAL_ACCENT_COLOR_NAME = AccentColor;
				CODE_SIGN_STYLE = Automatic;
				CURRENT_PROJECT_VERSION = 1;
				DEVELOPMENT_TEAM = C4K2HXA435;
				GENERATE_INFOPLIST_FILE = YES;
				INFOPLIST_FILE = MoviePractice/Utils/Info.plist;
				INFOPLIST_KEY_UIApplicationSupportsIndirectInputEvents = YES;
				INFOPLIST_KEY_UILaunchStoryboardName = LaunchScreen;
				INFOPLIST_KEY_UISupportedInterfaceOrientations_iPad = "UIInterfaceOrientationPortrait UIInterfaceOrientationPortraitUpsideDown UIInterfaceOrientationLandscapeLeft UIInterfaceOrientationLandscapeRight";
				INFOPLIST_KEY_UISupportedInterfaceOrientations_iPhone = "UIInterfaceOrientationPortrait UIInterfaceOrientationLandscapeLeft UIInterfaceOrientationLandscapeRight";
				LD_RUNPATH_SEARCH_PATHS = (
					"$(inherited)",
					"@executable_path/Frameworks",
				);
				MARKETING_VERSION = 1.0;
				PRODUCT_BUNDLE_IDENTIFIER = SeonghunJeon.MoviePractice;
				PRODUCT_NAME = "$(TARGET_NAME)";
				SWIFT_EMIT_LOC_STRINGS = YES;
				SWIFT_VERSION = 5.0;
				TARGETED_DEVICE_FAMILY = "1,2";
			};
			name = Debug;
		};
		C51863272A9D955000141FCB /* Release */ = {
			isa = XCBuildConfiguration;
			buildSettings = {
				ASSETCATALOG_COMPILER_APPICON_NAME = AppIcon;
				ASSETCATALOG_COMPILER_GLOBAL_ACCENT_COLOR_NAME = AccentColor;
				CODE_SIGN_STYLE = Automatic;
				CURRENT_PROJECT_VERSION = 1;
				DEVELOPMENT_TEAM = C4K2HXA435;
				GENERATE_INFOPLIST_FILE = YES;
				INFOPLIST_FILE = MoviePractice/Utils/Info.plist;
				INFOPLIST_KEY_UIApplicationSupportsIndirectInputEvents = YES;
				INFOPLIST_KEY_UILaunchStoryboardName = LaunchScreen;
				INFOPLIST_KEY_UISupportedInterfaceOrientations_iPad = "UIInterfaceOrientationPortrait UIInterfaceOrientationPortraitUpsideDown UIInterfaceOrientationLandscapeLeft UIInterfaceOrientationLandscapeRight";
				INFOPLIST_KEY_UISupportedInterfaceOrientations_iPhone = "UIInterfaceOrientationPortrait UIInterfaceOrientationLandscapeLeft UIInterfaceOrientationLandscapeRight";
				LD_RUNPATH_SEARCH_PATHS = (
					"$(inherited)",
					"@executable_path/Frameworks",
				);
				MARKETING_VERSION = 1.0;
				PRODUCT_BUNDLE_IDENTIFIER = SeonghunJeon.MoviePractice;
				PRODUCT_NAME = "$(TARGET_NAME)";
				SWIFT_EMIT_LOC_STRINGS = YES;
				SWIFT_VERSION = 5.0;
				TARGETED_DEVICE_FAMILY = "1,2";
			};
			name = Release;
		};
		C518634C2A9DF0BE00141FCB /* Debug */ = {
			isa = XCBuildConfiguration;
			buildSettings = {
				BUNDLE_LOADER = "$(TEST_HOST)";
				CODE_SIGN_STYLE = Automatic;
				CURRENT_PROJECT_VERSION = 1;
				DEVELOPMENT_TEAM = C4K2HXA435;
				GENERATE_INFOPLIST_FILE = YES;
				MARKETING_VERSION = 1.0;
				PRODUCT_BUNDLE_IDENTIFIER = SeonghunJeon.MoviePracticeTests;
				PRODUCT_NAME = "$(TARGET_NAME)";
				SWIFT_EMIT_LOC_STRINGS = NO;
				SWIFT_VERSION = 5.0;
				TARGETED_DEVICE_FAMILY = "1,2";
				TEST_HOST = "$(BUILT_PRODUCTS_DIR)/MoviePractice.app/$(BUNDLE_EXECUTABLE_FOLDER_PATH)/MoviePractice";
			};
			name = Debug;
		};
		C518634D2A9DF0BE00141FCB /* Release */ = {
			isa = XCBuildConfiguration;
			buildSettings = {
				BUNDLE_LOADER = "$(TEST_HOST)";
				CODE_SIGN_STYLE = Automatic;
				CURRENT_PROJECT_VERSION = 1;
				DEVELOPMENT_TEAM = C4K2HXA435;
				GENERATE_INFOPLIST_FILE = YES;
				MARKETING_VERSION = 1.0;
				PRODUCT_BUNDLE_IDENTIFIER = SeonghunJeon.MoviePracticeTests;
				PRODUCT_NAME = "$(TARGET_NAME)";
				SWIFT_EMIT_LOC_STRINGS = NO;
				SWIFT_VERSION = 5.0;
				TARGETED_DEVICE_FAMILY = "1,2";
				TEST_HOST = "$(BUILT_PRODUCTS_DIR)/MoviePractice.app/$(BUNDLE_EXECUTABLE_FOLDER_PATH)/MoviePractice";
			};
			name = Release;
		};
/* End XCBuildConfiguration section */

/* Begin XCConfigurationList section */
		C518630C2A9D954F00141FCB /* Build configuration list for PBXProject "MoviePractice" */ = {
			isa = XCConfigurationList;
			buildConfigurations = (
				C51863232A9D955000141FCB /* Debug */,
				C51863242A9D955000141FCB /* Release */,
			);
			defaultConfigurationIsVisible = 0;
			defaultConfigurationName = Release;
		};
		C51863252A9D955000141FCB /* Build configuration list for PBXNativeTarget "MoviePractice" */ = {
			isa = XCConfigurationList;
			buildConfigurations = (
				C51863262A9D955000141FCB /* Debug */,
				C51863272A9D955000141FCB /* Release */,
			);
			defaultConfigurationIsVisible = 0;
			defaultConfigurationName = Release;
		};
		C518634B2A9DF0BE00141FCB /* Build configuration list for PBXNativeTarget "MoviePracticeTests" */ = {
			isa = XCConfigurationList;
			buildConfigurations = (
				C518634C2A9DF0BE00141FCB /* Debug */,
				C518634D2A9DF0BE00141FCB /* Release */,
			);
			defaultConfigurationIsVisible = 0;
			defaultConfigurationName = Release;
		};
/* End XCConfigurationList section */

/* Begin XCVersionGroup section */
		C58D31E52AE64EDD00380F57 /* CoreDataStorage.xcdatamodeld */ = {
			isa = XCVersionGroup;
			children = (
				C58D31E62AE64EDD00380F57 /* CoreDataStorage.xcdatamodel */,
			);
			currentVersion = C58D31E62AE64EDD00380F57 /* CoreDataStorage.xcdatamodel */;
			path = CoreDataStorage.xcdatamodeld;
			sourceTree = "<group>";
			versionGroupType = wrapper.xcdatamodel;
		};
/* End XCVersionGroup section */
	};
	rootObject = C51863092A9D954F00141FCB /* Project object */;
}
